Microsoft Visual Studio Solution File, Format Version 12.00
# Visual Studio Version 16
VisualStudioVersion = 16.0.29609.76
MinimumVisualStudioVersion = 10.0.40219.1
Project("{9A19103F-16F7-4668-BE54-9A1E7A4F7556}") = "MobCAT", "MobCAT\MobCAT.csproj", "{3BBD87D3-6E79-4A92-AA9C-2E540846C48F}"
EndProject
Project("{FAE04EC0-301F-11D3-BF4B-00C04F79EFBC}") = "MobCAT.iOS", "MobCAT.iOS\MobCAT.iOS.csproj", "{074F8FC8-3F91-42BE-897C-4291D3A46187}"
EndProject
Project("{9A19103F-16F7-4668-BE54-9A1E7A4F7556}") = "MobCAT.Forms", "MobCAT.Forms\MobCAT.Forms.csproj", "{F5A7A329-BBF5-4F5E-8D90-6C3628CA896E}"
EndProject
Project("{FAE04EC0-301F-11D3-BF4B-00C04F79EFBC}") = "MobCAT.Android", "MobCAT.Android\MobCAT.Android.csproj", "{80F4745E-16DE-4623-A871-61435E690861}"
EndProject
Project("{2150E333-8FDC-42A3-9474-1A3956D46DE8}") = "Libraries", "Libraries", "{1C0D6367-2A32-4B75-967C-51E33A21A55D}"
EndProject
Project("{2150E333-8FDC-42A3-9474-1A3956D46DE8}") = "Tests", "Tests", "{A20F01EC-7346-4812-A56B-B691BC9902A3}"
EndProject
Project("{2150E333-8FDC-42A3-9474-1A3956D46DE8}") = "TestTargets", "TestTargets", "{7655CD75-0E15-439D-BA2C-D365F3BEADC2}"
EndProject
Global
	GlobalSection(SolutionConfigurationPlatforms) = preSolution
		Debug|Any CPU = Debug|Any CPU
		Release|Any CPU = Release|Any CPU
	EndGlobalSection
	GlobalSection(ProjectConfigurationPlatforms) = postSolution
		{3BBD87D3-6E79-4A92-AA9C-2E540846C48F}.Debug|Any CPU.ActiveCfg = Debug|Any CPU
		{3BBD87D3-6E79-4A92-AA9C-2E540846C48F}.Debug|Any CPU.Build.0 = Debug|Any CPU
		{3BBD87D3-6E79-4A92-AA9C-2E540846C48F}.Release|Any CPU.ActiveCfg = Release|Any CPU
		{3BBD87D3-6E79-4A92-AA9C-2E540846C48F}.Release|Any CPU.Build.0 = Release|Any CPU
		{074F8FC8-3F91-42BE-897C-4291D3A46187}.Debug|Any CPU.ActiveCfg = Debug|Any CPU
		{074F8FC8-3F91-42BE-897C-4291D3A46187}.Debug|Any CPU.Build.0 = Debug|Any CPU
		{074F8FC8-3F91-42BE-897C-4291D3A46187}.Release|Any CPU.ActiveCfg = Release|Any CPU
		{074F8FC8-3F91-42BE-897C-4291D3A46187}.Release|Any CPU.Build.0 = Release|Any CPU
		{F5A7A329-BBF5-4F5E-8D90-6C3628CA896E}.Debug|Any CPU.ActiveCfg = Debug|Any CPU
		{F5A7A329-BBF5-4F5E-8D90-6C3628CA896E}.Debug|Any CPU.Build.0 = Debug|Any CPU
		{F5A7A329-BBF5-4F5E-8D90-6C3628CA896E}.Release|Any CPU.ActiveCfg = Release|Any CPU
		{F5A7A329-BBF5-4F5E-8D90-6C3628CA896E}.Release|Any CPU.Build.0 = Release|Any CPU
		{80F4745E-16DE-4623-A871-61435E690861}.Debug|Any CPU.ActiveCfg = Debug|Any CPU
		{80F4745E-16DE-4623-A871-61435E690861}.Debug|Any CPU.Build.0 = Debug|Any CPU
		{80F4745E-16DE-4623-A871-61435E690861}.Release|Any CPU.ActiveCfg = Release|Any CPU
		{80F4745E-16DE-4623-A871-61435E690861}.Release|Any CPU.Build.0 = Release|Any CPU
	EndGlobalSection
	GlobalSection(SolutionProperties) = preSolution
		HideSolutionNode = FALSE
	EndGlobalSection
	GlobalSection(ExtensibilityGlobals) = postSolution
		SolutionGuid = {5550735E-7DC3-47B0-94AA-D2841A464935}
	EndGlobalSection
	GlobalSection(NestedProjects) = preSolution
		{3BBD87D3-6E79-4A92-AA9C-2E540846C48F} = {1C0D6367-2A32-4B75-967C-51E33A21A55D}
		{80F4745E-16DE-4623-A871-61435E690861} = {1C0D6367-2A32-4B75-967C-51E33A21A55D}
		{F5A7A329-BBF5-4F5E-8D90-6C3628CA896E} = {1C0D6367-2A32-4B75-967C-51E33A21A55D}
		{074F8FC8-3F91-42BE-897C-4291D3A46187} = {1C0D6367-2A32-4B75-967C-51E33A21A55D}
	EndGlobalSection
EndGlobal
