
Microsoft Visual Studio Solution File, Format Version 12.00
# Visual Studio 15
Project("{FAE04EC0-301F-11D3-BF4B-00C04F79EFBC}") = "MobCAT.Forms", "MobCAT.Forms.csproj", "{2223C615-B4F3-4DD3-92A1-3FC45C9CECCA}"
EndProject
Project("{FAE04EC0-301F-11D3-BF4B-00C04F79EFBC}") = "MobCAT", "..\MobCAT\MobCAT.csproj", "{AEC30E20-A07F-4786-8F08-2C5BAA0B91F2}"
EndProject
Global
	GlobalSection(SolutionConfigurationPlatforms) = preSolution
		Debug|Any CPU = Debug|Any CPU
		Release|Any CPU = Release|Any CPU
	EndGlobalSection
	GlobalSection(ProjectConfigurationPlatforms) = postSolution
		{2223C615-B4F3-4DD3-92A1-3FC45C9CECCA}.Debug|Any CPU.ActiveCfg = Debug|Any CPU
		{2223C615-B4F3-4DD3-92A1-3FC45C9CECCA}.Debug|Any CPU.Build.0 = Debug|Any CPU
		{2223C615-B4F3-4DD3-92A1-3FC45C9CECCA}.Release|Any CPU.ActiveCfg = Release|Any CPU
		{2223C615-B4F3-4DD3-92A1-3FC45C9CECCA}.Release|Any CPU.Build.0 = Release|Any CPU
		{AEC30E20-A07F-4786-8F08-2C5BAA0B91F2}.Debug|Any CPU.ActiveCfg = Debug|Any CPU
		{AEC30E20-A07F-4786-8F08-2C5BAA0B91F2}.Debug|Any CPU.Build.0 = Debug|Any CPU
		{AEC30E20-A07F-4786-8F08-2C5BAA0B91F2}.Release|Any CPU.ActiveCfg = Release|Any CPU
		{AEC30E20-A07F-4786-8F08-2C5BAA0B91F2}.Release|Any CPU.Build.0 = Release|Any CPU
	EndGlobalSection
EndGlobal
